
Microsoft Visual Studio Solution File, Format Version 11.00
# Visual Studio 2010
Project("{FAE04EC0-301F-11D3-BF4B-00C04F79EFBC}") = "ApplicationClient", "ApplicationClient\ApplicationClient.csproj", "{FFC30A39-0056-4354-A84B-49EBFF08861B}"
EndProject
Project("{FAE04EC0-301F-11D3-BF4B-00C04F79EFBC}") = "ApplicationHost", "ApplicationHost\ApplicationHost.csproj", "{903F07B1-7356-4FC6-B73D-02FF397F2873}"
EndProject
Project("{FAE04EC0-301F-11D3-BF4B-00C04F79EFBC}") = "ClassLibraryIService", "ClassLibraryIService\ClassLibraryIService.csproj", "{4DA5DC23-7900-40C2-9D84-D8CEF84EA2B6}"
EndProject
Project("{FAE04EC0-301F-11D3-BF4B-00C04F79EFBC}") = "ClassLibraryService", "ClassLibraryService\ClassLibraryService.csproj", "{F127E8E9-86BF-4F50-8EB7-F82279D32A77}"
EndProject
Project("{FAE04EC0-301F-11D3-BF4B-00C04F79EFBC}") = "ClassLibraryIServiceStreaming", "ClassLibraryIServiceStreaming\ClassLibraryIServiceStreaming.csproj", "{515D1B04-2F9B-4F2B-83D0-4FF87F1564F0}"
EndProject
Project("{FAE04EC0-301F-11D3-BF4B-00C04F79EFBC}") = "ClassLibraryServiceStreaming", "ClassLibraryServiceStreaming\ClassLibraryServiceStreaming.csproj", "{F665551C-6F80-4D5C-A85F-44511724B530}"
EndProject
Project("{FAE04EC0-301F-11D3-BF4B-00C04F79EFBC}") = "ClassLibraryASupport", "ClassLibraryASupport\ClassLibraryASupport.csproj", "{6000BA1C-C9D2-4E86-87D6-A756FF2064C2}"
EndProject
Global
	GlobalSection(SolutionConfigurationPlatforms) = preSolution
		Debug|Any CPU = Debug|Any CPU
		Debug|Mixed Platforms = Debug|Mixed Platforms
		Debug|x86 = Debug|x86
		Release|Any CPU = Release|Any CPU
		Release|Mixed Platforms = Release|Mixed Platforms
		Release|x86 = Release|x86
	EndGlobalSection
	GlobalSection(ProjectConfigurationPlatforms) = postSolution
		{FFC30A39-0056-4354-A84B-49EBFF08861B}.Debug|Any CPU.ActiveCfg = Debug|x86
		{FFC30A39-0056-4354-A84B-49EBFF08861B}.Debug|Mixed Platforms.ActiveCfg = Debug|x86
		{FFC30A39-0056-4354-A84B-49EBFF08861B}.Debug|Mixed Platforms.Build.0 = Debug|x86
		{FFC30A39-0056-4354-A84B-49EBFF08861B}.Debug|x86.ActiveCfg = Debug|x86
		{FFC30A39-0056-4354-A84B-49EBFF08861B}.Debug|x86.Build.0 = Debug|x86
		{FFC30A39-0056-4354-A84B-49EBFF08861B}.Release|Any CPU.ActiveCfg = Release|x86
		{FFC30A39-0056-4354-A84B-49EBFF08861B}.Release|Mixed Platforms.ActiveCfg = Release|x86
		{FFC30A39-0056-4354-A84B-49EBFF08861B}.Release|Mixed Platforms.Build.0 = Release|x86
		{FFC30A39-0056-4354-A84B-49EBFF08861B}.Release|x86.ActiveCfg = Release|x86
		{FFC30A39-0056-4354-A84B-49EBFF08861B}.Release|x86.Build.0 = Release|x86
		{903F07B1-7356-4FC6-B73D-02FF397F2873}.Debug|Any CPU.ActiveCfg = Debug|x86
		{903F07B1-7356-4FC6-B73D-02FF397F2873}.Debug|Mixed Platforms.ActiveCfg = Debug|x86
		{903F07B1-7356-4FC6-B73D-02FF397F2873}.Debug|Mixed Platforms.Build.0 = Debug|x86
		{903F07B1-7356-4FC6-B73D-02FF397F2873}.Debug|x86.ActiveCfg = Debug|x86
		{903F07B1-7356-4FC6-B73D-02FF397F2873}.Debug|x86.Build.0 = Debug|x86
		{903F07B1-7356-4FC6-B73D-02FF397F2873}.Release|Any CPU.ActiveCfg = Release|x86
		{903F07B1-7356-4FC6-B73D-02FF397F2873}.Release|Mixed Platforms.ActiveCfg = Release|x86
		{903F07B1-7356-4FC6-B73D-02FF397F2873}.Release|Mixed Platforms.Build.0 = Release|x86
		{903F07B1-7356-4FC6-B73D-02FF397F2873}.Release|x86.ActiveCfg = Release|x86
		{903F07B1-7356-4FC6-B73D-02FF397F2873}.Release|x86.Build.0 = Release|x86
		{4DA5DC23-7900-40C2-9D84-D8CEF84EA2B6}.Debug|Any CPU.ActiveCfg = Debug|Any CPU
		{4DA5DC23-7900-40C2-9D84-D8CEF84EA2B6}.Debug|Any CPU.Build.0 = Debug|Any CPU
		{4DA5DC23-7900-40C2-9D84-D8CEF84EA2B6}.Debug|Mixed Platforms.ActiveCfg = Debug|Any CPU
		{4DA5DC23-7900-40C2-9D84-D8CEF84EA2B6}.Debug|Mixed Platforms.Build.0 = Debug|Any CPU
		{4DA5DC23-7900-40C2-9D84-D8CEF84EA2B6}.Debug|x86.ActiveCfg = Debug|Any CPU
		{4DA5DC23-7900-40C2-9D84-D8CEF84EA2B6}.Release|Any CPU.ActiveCfg = Release|Any CPU
		{4DA5DC23-7900-40C2-9D84-D8CEF84EA2B6}.Release|Any CPU.Build.0 = Release|Any CPU
		{4DA5DC23-7900-40C2-9D84-D8CEF84EA2B6}.Release|Mixed Platforms.ActiveCfg = Release|Any CPU
		{4DA5DC23-7900-40C2-9D84-D8CEF84EA2B6}.Release|Mixed Platforms.Build.0 = Release|Any CPU
		{4DA5DC23-7900-40C2-9D84-D8CEF84EA2B6}.Release|x86.ActiveCfg = Release|Any CPU
		{F127E8E9-86BF-4F50-8EB7-F82279D32A77}.Debug|Any CPU.ActiveCfg = Debug|Any CPU
		{F127E8E9-86BF-4F50-8EB7-F82279D32A77}.Debug|Any CPU.Build.0 = Debug|Any CPU
		{F127E8E9-86BF-4F50-8EB7-F82279D32A77}.Debug|Mixed Platforms.ActiveCfg = Debug|Any CPU
		{F127E8E9-86BF-4F50-8EB7-F82279D32A77}.Debug|Mixed Platforms.Build.0 = Debug|Any CPU
		{F127E8E9-86BF-4F50-8EB7-F82279D32A77}.Debug|x86.ActiveCfg = Debug|Any CPU
		{F127E8E9-86BF-4F50-8EB7-F82279D32A77}.Release|Any CPU.ActiveCfg = Release|Any CPU
		{F127E8E9-86BF-4F50-8EB7-F82279D32A77}.Release|Any CPU.Build.0 = Release|Any CPU
		{F127E8E9-86BF-4F50-8EB7-F82279D32A77}.Release|Mixed Platforms.ActiveCfg = Release|Any CPU
		{F127E8E9-86BF-4F50-8EB7-F82279D32A77}.Release|Mixed Platforms.Build.0 = Release|Any CPU
		{F127E8E9-86BF-4F50-8EB7-F82279D32A77}.Release|x86.ActiveCfg = Release|Any CPU
		{515D1B04-2F9B-4F2B-83D0-4FF87F1564F0}.Debug|Any CPU.ActiveCfg = Debug|Any CPU
		{515D1B04-2F9B-4F2B-83D0-4FF87F1564F0}.Debug|Any CPU.Build.0 = Debug|Any CPU
		{515D1B04-2F9B-4F2B-83D0-4FF87F1564F0}.Debug|Mixed Platforms.ActiveCfg = Debug|Any CPU
		{515D1B04-2F9B-4F2B-83D0-4FF87F1564F0}.Debug|Mixed Platforms.Build.0 = Debug|Any CPU
		{515D1B04-2F9B-4F2B-83D0-4FF87F1564F0}.Debug|x86.ActiveCfg = Debug|Any CPU
		{515D1B04-2F9B-4F2B-83D0-4FF87F1564F0}.Release|Any CPU.ActiveCfg = Release|Any CPU
		{515D1B04-2F9B-4F2B-83D0-4FF87F1564F0}.Release|Any CPU.Build.0 = Release|Any CPU
		{515D1B04-2F9B-4F2B-83D0-4FF87F1564F0}.Release|Mixed Platforms.ActiveCfg = Release|Any CPU
		{515D1B04-2F9B-4F2B-83D0-4FF87F1564F0}.Release|Mixed Platforms.Build.0 = Release|Any CPU
		{515D1B04-2F9B-4F2B-83D0-4FF87F1564F0}.Release|x86.ActiveCfg = Release|Any CPU
		{F665551C-6F80-4D5C-A85F-44511724B530}.Debug|Any CPU.ActiveCfg = Debug|Any CPU
		{F665551C-6F80-4D5C-A85F-44511724B530}.Debug|Any CPU.Build.0 = Debug|Any CPU
		{F665551C-6F80-4D5C-A85F-44511724B530}.Debug|Mixed Platforms.ActiveCfg = Debug|Any CPU
		{F665551C-6F80-4D5C-A85F-44511724B530}.Debug|Mixed Platforms.Build.0 = Debug|Any CPU
		{F665551C-6F80-4D5C-A85F-44511724B530}.Debug|x86.ActiveCfg = Debug|Any CPU
		{F665551C-6F80-4D5C-A85F-44511724B530}.Release|Any CPU.ActiveCfg = Release|Any CPU
		{F665551C-6F80-4D5C-A85F-44511724B530}.Release|Any CPU.Build.0 = Release|Any CPU
		{F665551C-6F80-4D5C-A85F-44511724B530}.Release|Mixed Platforms.ActiveCfg = Release|Any CPU
		{F665551C-6F80-4D5C-A85F-44511724B530}.Release|Mixed Platforms.Build.0 = Release|Any CPU
		{F665551C-6F80-4D5C-A85F-44511724B530}.Release|x86.ActiveCfg = Release|Any CPU
		{6000BA1C-C9D2-4E86-87D6-A756FF2064C2}.Debug|Any CPU.ActiveCfg = Debug|Any CPU
		{6000BA1C-C9D2-4E86-87D6-A756FF2064C2}.Debug|Any CPU.Build.0 = Debug|Any CPU
		{6000BA1C-C9D2-4E86-87D6-A756FF2064C2}.Debug|Mixed Platforms.ActiveCfg = Debug|Any CPU
		{6000BA1C-C9D2-4E86-87D6-A756FF2064C2}.Debug|Mixed Platforms.Build.0 = Debug|Any CPU
		{6000BA1C-C9D2-4E86-87D6-A756FF2064C2}.Debug|x86.ActiveCfg = Debug|Any CPU
		{6000BA1C-C9D2-4E86-87D6-A756FF2064C2}.Release|Any CPU.ActiveCfg = Release|Any CPU
		{6000BA1C-C9D2-4E86-87D6-A756FF2064C2}.Release|Any CPU.Build.0 = Release|Any CPU
		{6000BA1C-C9D2-4E86-87D6-A756FF2064C2}.Release|Mixed Platforms.ActiveCfg = Release|Any CPU
		{6000BA1C-C9D2-4E86-87D6-A756FF2064C2}.Release|Mixed Platforms.Build.0 = Release|Any CPU
		{6000BA1C-C9D2-4E86-87D6-A756FF2064C2}.Release|x86.ActiveCfg = Release|Any CPU
	EndGlobalSection
	GlobalSection(SolutionProperties) = preSolution
		HideSolutionNode = FALSE
	EndGlobalSection
EndGlobal
